
Microsoft Visual Studio Solution File, Format Version 12.00
# Visual Studio Version 16
VisualStudioVersion = 25.0.1703.8
MinimumVisualStudioVersion = 10.0.40219.1
Project("{FAE04EC0-301F-11D3-BF4B-00C04F79EFBC}") = "FirstPokerTry", "FirstPokerTry\FirstPokerTry.csproj", "{630E19D6-DAFC-4D12-8BA3-50BA5F5BAF0D}"
EndProject
Global
	GlobalSection(SolutionConfigurationPlatforms) = preSolution
		Debug|Any CPU = Debug|Any CPU
		Release|Any CPU = Release|Any CPU
	EndGlobalSection
	GlobalSection(ProjectConfigurationPlatforms) = postSolution
		{630E19D6-DAFC-4D12-8BA3-50BA5F5BAF0D}.Debug|Any CPU.ActiveCfg = Debug|Any CPU
		{630E19D6-DAFC-4D12-8BA3-50BA5F5BAF0D}.Debug|Any CPU.Build.0 = Debug|Any CPU
		{630E19D6-DAFC-4D12-8BA3-50BA5F5BAF0D}.Release|Any CPU.ActiveCfg = Release|Any CPU
		{630E19D6-DAFC-4D12-8BA3-50BA5F5BAF0D}.Release|Any CPU.Build.0 = Release|Any CPU
	EndGlobalSection
	GlobalSection(SolutionProperties) = preSolution
		HideSolutionNode = FALSE
	EndGlobalSection
	GlobalSection(ExtensibilityGlobals) = postSolution
		SolutionGuid = {BEAEE22D-4084-477A-A295-CFE7DC3BCA87}
	EndGlobalSection
EndGlobal
